
Microsoft Visual Studio Solution File, Format Version 12.00
# Visual Studio 15
VisualStudioVersion = 15.0.28306.52
MinimumVisualStudioVersion = 10.0.40219.1
Project("{9A19103F-16F7-4668-BE54-9A1E7A4F7556}") = "Bridge", "Bridge\Bridge.csproj", "{04911BCA-34A7-481C-849B-11C4F1964B15}"
EndProject
Project("{9A19103F-16F7-4668-BE54-9A1E7A4F7556}") = "Builder", "Builder\Builder.csproj", "{1E312193-9C0B-453D-9AD7-9A972EA62420}"
EndProject
Project("{9A19103F-16F7-4668-BE54-9A1E7A4F7556}") = "ChainOfResponsibility", "ChainOfResponsibility\ChainOfResponsibility.csproj", "{1C06F93F-C84C-4DF8-9F33-40F32175C27F}"
EndProject
Project("{9A19103F-16F7-4668-BE54-9A1E7A4F7556}") = "Command", "Command\Command.csproj", "{A4C88660-2210-47E5-ABE4-8364AF3A2F02}"
EndProject
Project("{9A19103F-16F7-4668-BE54-9A1E7A4F7556}") = "Composite", "Composite\Composite.csproj", "{9D089C28-E458-4C91-86CC-64BD4A7AA5AC}"
EndProject
Project("{9A19103F-16F7-4668-BE54-9A1E7A4F7556}") = "Decorator", "Decorator\Decorator.csproj", "{90420F0A-98F3-4085-AFFC-BBA0E8385428}"
EndProject
Project("{9A19103F-16F7-4668-BE54-9A1E7A4F7556}") = "EventAggregator", "EventAggregator\EventAggregator.csproj", "{E1CB538D-AC40-4209-91C6-DE703B3651DA}"
EndProject
Project("{9A19103F-16F7-4668-BE54-9A1E7A4F7556}") = "Facade", "Facade\Facade.csproj", "{D9C048F9-3C9F-484C-90D0-2D0B17BDD57F}"
EndProject
Project("{9A19103F-16F7-4668-BE54-9A1E7A4F7556}") = "AbstractFactory", "Factory\AbstractFactory.csproj", "{2924FDD9-CEF1-4D43-898F-71432E421509}"
EndProject
Project("{9A19103F-16F7-4668-BE54-9A1E7A4F7556}") = "Flyweight", "Flyweight\Flyweight.csproj", "{9154602A-2200-4B97-98D8-50556854F7C3}"
EndProject
Project("{9A19103F-16F7-4668-BE54-9A1E7A4F7556}") = "Interpreter", "Interpreter\Interpreter.csproj", "{A259E36B-AA02-485A-A833-C91D93B764E7}"
EndProject
Project("{9A19103F-16F7-4668-BE54-9A1E7A4F7556}") = "Iterator", "Iterator\Iterator.csproj", "{75DDDCCF-F541-4AE7-8CFA-93C2803194C6}"
EndProject
Project("{9A19103F-16F7-4668-BE54-9A1E7A4F7556}") = "LazyLoad", "LazyLoad\LazyLoad.csproj", "{A906F15B-1C73-4436-A163-8DCE29E81D4C}"
EndProject
Project("{9A19103F-16F7-4668-BE54-9A1E7A4F7556}") = "Mediator", "Mediator\Mediator.csproj", "{FF8E531D-B01A-4AD1-A8E4-EF7F38D7997E}"
EndProject
Project("{9A19103F-16F7-4668-BE54-9A1E7A4F7556}") = "Memento", "Memento\Memento.csproj", "{B30EF3E2-3D13-496B-B4EF-CFE096FC2A83}"
EndProject
Project("{9A19103F-16F7-4668-BE54-9A1E7A4F7556}") = "ModelViewPresenter", "ModelViewPresenter\ModelViewPresenter.csproj", "{593DE9DC-B045-4D1D-9577-0326AD7182A0}"
EndProject
Project("{9A19103F-16F7-4668-BE54-9A1E7A4F7556}") = "ModelViewViewModel", "ModelViewViewModel\ModelViewViewModel.csproj", "{9D2DD017-85B7-4667-B557-D166E2E4489F}"
EndProject
Project("{9A19103F-16F7-4668-BE54-9A1E7A4F7556}") = "NullObject", "NullObject\NullObject.csproj", "{BF46A949-520B-4EE4-A610-81E2442928E5}"
EndProject
Project("{9A19103F-16F7-4668-BE54-9A1E7A4F7556}") = "Observer", "Observer\Observer.csproj", "{14A2228A-C77D-4BAD-A0F0-9D6B794DC423}"
EndProject
Project("{9A19103F-16F7-4668-BE54-9A1E7A4F7556}") = "Prototype", "PrototypePattern\Prototype.csproj", "{EC7B31D5-4C8E-4E22-90EC-81EEE17A10D1}"
EndProject
Project("{9A19103F-16F7-4668-BE54-9A1E7A4F7556}") = "Proxy_Atm", "Proxy\Proxy_Atm.csproj", "{4AFECD82-A4EF-42A0-8708-CF1724EC1164}"
EndProject
Project("{9A19103F-16F7-4668-BE54-9A1E7A4F7556}") = "Repository", "Repository\Repository.csproj", "{AA47964E-3186-4E81-BA7F-07601B62A6C7}"
EndProject
Project("{9A19103F-16F7-4668-BE54-9A1E7A4F7556}") = "Singleton", "Singleton\Singleton.csproj", "{2E12BE27-3E2A-454F-A3DC-F6E477CC72FC}"
EndProject
Project("{9A19103F-16F7-4668-BE54-9A1E7A4F7556}") = "ServiceLocator", "ServiceLocator\ServiceLocator.csproj", "{20528079-8C22-4868-A817-2FFAC3ADBB97}"
EndProject
Project("{9A19103F-16F7-4668-BE54-9A1E7A4F7556}") = "State", "State\State.csproj", "{5DA3837B-9A3F-4727-A20C-E2E3907598F4}"
EndProject
Project("{9A19103F-16F7-4668-BE54-9A1E7A4F7556}") = "Strategy", "Strategy\Strategy.csproj", "{E980B119-8A4E-4DF0-8CCC-AC76C30A92DC}"
EndProject
Project("{9A19103F-16F7-4668-BE54-9A1E7A4F7556}") = "TemplateMethod", "TemplateMethod\TemplateMethod.csproj", "{EC79AA66-9E81-47FA-BEC0-2C36D68466B0}"
EndProject
Project("{9A19103F-16F7-4668-BE54-9A1E7A4F7556}") = "UnitOfWork", "UnitOfWork\UnitOfWork.csproj", "{F6C4C12F-1DB8-4927-972A-6257426A28AE}"
EndProject
Project("{9A19103F-16F7-4668-BE54-9A1E7A4F7556}") = "Visitor", "Visitor\Visitor.csproj", "{A4AB5785-8021-4D6C-94D8-AD4F11E52BD8}"
EndProject
Project("{9A19103F-16F7-4668-BE54-9A1E7A4F7556}") = "Specification", "Specification\Specification.csproj", "{C86E8797-F692-4D57-9DED-41C8B6EC7252}"
EndProject
Project("{9A19103F-16F7-4668-BE54-9A1E7A4F7556}") = "ProgramProj", "A_AllUi\ProgramProj.csproj", "{2CB5244E-7901-4C50-9776-274D1158A437}"
EndProject
Project("{2150E333-8FDC-42A3-9474-1A3956D46DE8}") = "Creational", "Creational", "{063E85CF-1771-41DA-9235-8311015633D3}"
EndProject
Project("{9A19103F-16F7-4668-BE54-9A1E7A4F7556}") = "Utility", "Utility\Utility.csproj", "{EEEDB933-ED9B-4797-BA52-FA0D248595D0}"
EndProject
Project("{2150E333-8FDC-42A3-9474-1A3956D46DE8}") = "Structural", "Structural", "{CB39E918-3918-4BA9-8129-CBF22976C7C8}"
EndProject
Project("{2150E333-8FDC-42A3-9474-1A3956D46DE8}") = "Behavioral", "Behavioral", "{6B9378D8-705B-4251-9921-EBD963A6E79F}"
EndProject
Project("{2150E333-8FDC-42A3-9474-1A3956D46DE8}") = "Security", "Security", "{2C130CAD-0F74-4FD6-BB79-2A8EDEF72812}"
EndProject
Project("{2150E333-8FDC-42A3-9474-1A3956D46DE8}") = "Concurrency", "Concurrency", "{C5D2EE7E-E79E-4EAF-BF14-2F541FB304F5}"
EndProject
Project("{2150E333-8FDC-42A3-9474-1A3956D46DE8}") = "Sql", "Sql", "{6F7C2C0A-B10D-4447-8B09-D082D06F2D1D}"
EndProject
Project("{2150E333-8FDC-42A3-9474-1A3956D46DE8}") = "UserInteface", "UserInteface", "{8BE051A1-F8D3-4FED-8FF1-9F3B1AF31F1C}"
EndProject
Project("{2150E333-8FDC-42A3-9474-1A3956D46DE8}") = "Relational", "Relational", "{79E2D03D-7C0E-4D47-BB02-6BAE326D30D3}"
EndProject
Project("{2150E333-8FDC-42A3-9474-1A3956D46DE8}") = "Social", "Social", "{66631317-79AF-47AC-9FBA-C187972086DD}"
EndProject
Project("{2150E333-8FDC-42A3-9474-1A3956D46DE8}") = "Distributed", "Distributed", "{088100FC-3F30-4C2D-92F0-29CE496DB247}"
EndProject
Project("{2150E333-8FDC-42A3-9474-1A3956D46DE8}") = "Cloud", "Cloud", "{0F9FD13F-ABB9-4B7A-8A5D-6C2373A1E7CD}"
EndProject
Project("{9A19103F-16F7-4668-BE54-9A1E7A4F7556}") = "Adpapter_AttackExample", "AttackExample\Adpapter_AttackExample.csproj", "{A46B9B24-B091-4D6C-B369-0F631DEF9364}"
EndProject
Project("{2150E333-8FDC-42A3-9474-1A3956D46DE8}") = ".Solution Items", ".Solution Items", "{CF2C0408-21DF-4F57-B94C-6B0A7ED60B68}"
	ProjectSection(SolutionItems) = preProject
		Notes.txt = Notes.txt
	EndProjectSection
EndProject
Project("{2150E333-8FDC-42A3-9474-1A3956D46DE8}") = "Main", "Main", "{71511AE4-756B-4A33-8467-EE28969B3D82}"
EndProject
Project("{2150E333-8FDC-42A3-9474-1A3956D46DE8}") = "Other", "Other", "{04A27581-5B28-408E-A271-1C5313EC3521}"
EndProject
Project("{FAE04EC0-301F-11D3-BF4B-00C04F79EFBC}") = "FactoryMethod", "FactoryMethod\FactoryMethod.csproj", "{C51BD800-38C5-46E4-B166-86EE1A62CBAC}"
EndProject
Project("{2150E333-8FDC-42A3-9474-1A3956D46DE8}") = "Interfaces", "Interfaces", "{449A4CB5-71FC-4D60-941C-EE9DC54953B7}"
EndProject
Project("{FAE04EC0-301F-11D3-BF4B-00C04F79EFBC}") = "Common", "Common\Common.csproj", "{C6D31613-98CF-44F4-85D1-7E5BBA37B973}"
EndProject
Global
	GlobalSection(SolutionConfigurationPlatforms) = preSolution
		Debug|Any CPU = Debug|Any CPU
		Release|Any CPU = Release|Any CPU
	EndGlobalSection
	GlobalSection(ProjectConfigurationPlatforms) = postSolution
		{04911BCA-34A7-481C-849B-11C4F1964B15}.Debug|Any CPU.ActiveCfg = Debug|Any CPU
		{04911BCA-34A7-481C-849B-11C4F1964B15}.Debug|Any CPU.Build.0 = Debug|Any CPU
		{04911BCA-34A7-481C-849B-11C4F1964B15}.Release|Any CPU.ActiveCfg = Release|Any CPU
		{04911BCA-34A7-481C-849B-11C4F1964B15}.Release|Any CPU.Build.0 = Release|Any CPU
		{1E312193-9C0B-453D-9AD7-9A972EA62420}.Debug|Any CPU.ActiveCfg = Debug|Any CPU
		{1E312193-9C0B-453D-9AD7-9A972EA62420}.Debug|Any CPU.Build.0 = Debug|Any CPU
		{1E312193-9C0B-453D-9AD7-9A972EA62420}.Release|Any CPU.ActiveCfg = Release|Any CPU
		{1E312193-9C0B-453D-9AD7-9A972EA62420}.Release|Any CPU.Build.0 = Release|Any CPU
		{1C06F93F-C84C-4DF8-9F33-40F32175C27F}.Debug|Any CPU.ActiveCfg = Debug|Any CPU
		{1C06F93F-C84C-4DF8-9F33-40F32175C27F}.Debug|Any CPU.Build.0 = Debug|Any CPU
		{1C06F93F-C84C-4DF8-9F33-40F32175C27F}.Release|Any CPU.ActiveCfg = Release|Any CPU
		{1C06F93F-C84C-4DF8-9F33-40F32175C27F}.Release|Any CPU.Build.0 = Release|Any CPU
		{A4C88660-2210-47E5-ABE4-8364AF3A2F02}.Debug|Any CPU.ActiveCfg = Debug|Any CPU
		{A4C88660-2210-47E5-ABE4-8364AF3A2F02}.Debug|Any CPU.Build.0 = Debug|Any CPU
		{A4C88660-2210-47E5-ABE4-8364AF3A2F02}.Release|Any CPU.ActiveCfg = Release|Any CPU
		{A4C88660-2210-47E5-ABE4-8364AF3A2F02}.Release|Any CPU.Build.0 = Release|Any CPU
		{9D089C28-E458-4C91-86CC-64BD4A7AA5AC}.Debug|Any CPU.ActiveCfg = Debug|Any CPU
		{9D089C28-E458-4C91-86CC-64BD4A7AA5AC}.Debug|Any CPU.Build.0 = Debug|Any CPU
		{9D089C28-E458-4C91-86CC-64BD4A7AA5AC}.Release|Any CPU.ActiveCfg = Release|Any CPU
		{9D089C28-E458-4C91-86CC-64BD4A7AA5AC}.Release|Any CPU.Build.0 = Release|Any CPU
		{90420F0A-98F3-4085-AFFC-BBA0E8385428}.Debug|Any CPU.ActiveCfg = Debug|Any CPU
		{90420F0A-98F3-4085-AFFC-BBA0E8385428}.Debug|Any CPU.Build.0 = Debug|Any CPU
		{90420F0A-98F3-4085-AFFC-BBA0E8385428}.Release|Any CPU.ActiveCfg = Release|Any CPU
		{90420F0A-98F3-4085-AFFC-BBA0E8385428}.Release|Any CPU.Build.0 = Release|Any CPU
		{E1CB538D-AC40-4209-91C6-DE703B3651DA}.Debug|Any CPU.ActiveCfg = Debug|Any CPU
		{E1CB538D-AC40-4209-91C6-DE703B3651DA}.Debug|Any CPU.Build.0 = Debug|Any CPU
		{E1CB538D-AC40-4209-91C6-DE703B3651DA}.Release|Any CPU.ActiveCfg = Release|Any CPU
		{E1CB538D-AC40-4209-91C6-DE703B3651DA}.Release|Any CPU.Build.0 = Release|Any CPU
		{D9C048F9-3C9F-484C-90D0-2D0B17BDD57F}.Debug|Any CPU.ActiveCfg = Debug|Any CPU
		{D9C048F9-3C9F-484C-90D0-2D0B17BDD57F}.Debug|Any CPU.Build.0 = Debug|Any CPU
		{D9C048F9-3C9F-484C-90D0-2D0B17BDD57F}.Release|Any CPU.ActiveCfg = Release|Any CPU
		{D9C048F9-3C9F-484C-90D0-2D0B17BDD57F}.Release|Any CPU.Build.0 = Release|Any CPU
		{2924FDD9-CEF1-4D43-898F-71432E421509}.Debug|Any CPU.ActiveCfg = Debug|Any CPU
		{2924FDD9-CEF1-4D43-898F-71432E421509}.Debug|Any CPU.Build.0 = Debug|Any CPU
		{2924FDD9-CEF1-4D43-898F-71432E421509}.Release|Any CPU.ActiveCfg = Release|Any CPU
		{2924FDD9-CEF1-4D43-898F-71432E421509}.Release|Any CPU.Build.0 = Release|Any CPU
		{9154602A-2200-4B97-98D8-50556854F7C3}.Debug|Any CPU.ActiveCfg = Debug|Any CPU
		{9154602A-2200-4B97-98D8-50556854F7C3}.Debug|Any CPU.Build.0 = Debug|Any CPU
		{9154602A-2200-4B97-98D8-50556854F7C3}.Release|Any CPU.ActiveCfg = Release|Any CPU
		{9154602A-2200-4B97-98D8-50556854F7C3}.Release|Any CPU.Build.0 = Release|Any CPU
		{A259E36B-AA02-485A-A833-C91D93B764E7}.Debug|Any CPU.ActiveCfg = Debug|Any CPU
		{A259E36B-AA02-485A-A833-C91D93B764E7}.Debug|Any CPU.Build.0 = Debug|Any CPU
		{A259E36B-AA02-485A-A833-C91D93B764E7}.Release|Any CPU.ActiveCfg = Release|Any CPU
		{A259E36B-AA02-485A-A833-C91D93B764E7}.Release|Any CPU.Build.0 = Release|Any CPU
		{75DDDCCF-F541-4AE7-8CFA-93C2803194C6}.Debug|Any CPU.ActiveCfg = Debug|Any CPU
		{75DDDCCF-F541-4AE7-8CFA-93C2803194C6}.Debug|Any CPU.Build.0 = Debug|Any CPU
		{75DDDCCF-F541-4AE7-8CFA-93C2803194C6}.Release|Any CPU.ActiveCfg = Release|Any CPU
		{75DDDCCF-F541-4AE7-8CFA-93C2803194C6}.Release|Any CPU.Build.0 = Release|Any CPU
		{A906F15B-1C73-4436-A163-8DCE29E81D4C}.Debug|Any CPU.ActiveCfg = Debug|Any CPU
		{A906F15B-1C73-4436-A163-8DCE29E81D4C}.Debug|Any CPU.Build.0 = Debug|Any CPU
		{A906F15B-1C73-4436-A163-8DCE29E81D4C}.Release|Any CPU.ActiveCfg = Release|Any CPU
		{A906F15B-1C73-4436-A163-8DCE29E81D4C}.Release|Any CPU.Build.0 = Release|Any CPU
		{FF8E531D-B01A-4AD1-A8E4-EF7F38D7997E}.Debug|Any CPU.ActiveCfg = Debug|Any CPU
		{FF8E531D-B01A-4AD1-A8E4-EF7F38D7997E}.Debug|Any CPU.Build.0 = Debug|Any CPU
		{FF8E531D-B01A-4AD1-A8E4-EF7F38D7997E}.Release|Any CPU.ActiveCfg = Release|Any CPU
		{FF8E531D-B01A-4AD1-A8E4-EF7F38D7997E}.Release|Any CPU.Build.0 = Release|Any CPU
		{B30EF3E2-3D13-496B-B4EF-CFE096FC2A83}.Debug|Any CPU.ActiveCfg = Debug|Any CPU
		{B30EF3E2-3D13-496B-B4EF-CFE096FC2A83}.Debug|Any CPU.Build.0 = Debug|Any CPU
		{B30EF3E2-3D13-496B-B4EF-CFE096FC2A83}.Release|Any CPU.ActiveCfg = Release|Any CPU
		{B30EF3E2-3D13-496B-B4EF-CFE096FC2A83}.Release|Any CPU.Build.0 = Release|Any CPU
		{593DE9DC-B045-4D1D-9577-0326AD7182A0}.Debug|Any CPU.ActiveCfg = Debug|Any CPU
		{593DE9DC-B045-4D1D-9577-0326AD7182A0}.Debug|Any CPU.Build.0 = Debug|Any CPU
		{593DE9DC-B045-4D1D-9577-0326AD7182A0}.Release|Any CPU.ActiveCfg = Release|Any CPU
		{593DE9DC-B045-4D1D-9577-0326AD7182A0}.Release|Any CPU.Build.0 = Release|Any CPU
		{9D2DD017-85B7-4667-B557-D166E2E4489F}.Debug|Any CPU.ActiveCfg = Debug|Any CPU
		{9D2DD017-85B7-4667-B557-D166E2E4489F}.Debug|Any CPU.Build.0 = Debug|Any CPU
		{9D2DD017-85B7-4667-B557-D166E2E4489F}.Release|Any CPU.ActiveCfg = Release|Any CPU
		{9D2DD017-85B7-4667-B557-D166E2E4489F}.Release|Any CPU.Build.0 = Release|Any CPU
		{BF46A949-520B-4EE4-A610-81E2442928E5}.Debug|Any CPU.ActiveCfg = Debug|Any CPU
		{BF46A949-520B-4EE4-A610-81E2442928E5}.Debug|Any CPU.Build.0 = Debug|Any CPU
		{BF46A949-520B-4EE4-A610-81E2442928E5}.Release|Any CPU.ActiveCfg = Release|Any CPU
		{BF46A949-520B-4EE4-A610-81E2442928E5}.Release|Any CPU.Build.0 = Release|Any CPU
		{14A2228A-C77D-4BAD-A0F0-9D6B794DC423}.Debug|Any CPU.ActiveCfg = Debug|Any CPU
		{14A2228A-C77D-4BAD-A0F0-9D6B794DC423}.Debug|Any CPU.Build.0 = Debug|Any CPU
		{14A2228A-C77D-4BAD-A0F0-9D6B794DC423}.Release|Any CPU.ActiveCfg = Release|Any CPU
		{14A2228A-C77D-4BAD-A0F0-9D6B794DC423}.Release|Any CPU.Build.0 = Release|Any CPU
		{EC7B31D5-4C8E-4E22-90EC-81EEE17A10D1}.Debug|Any CPU.ActiveCfg = Debug|Any CPU
		{EC7B31D5-4C8E-4E22-90EC-81EEE17A10D1}.Debug|Any CPU.Build.0 = Debug|Any CPU
		{EC7B31D5-4C8E-4E22-90EC-81EEE17A10D1}.Release|Any CPU.ActiveCfg = Release|Any CPU
		{EC7B31D5-4C8E-4E22-90EC-81EEE17A10D1}.Release|Any CPU.Build.0 = Release|Any CPU
		{4AFECD82-A4EF-42A0-8708-CF1724EC1164}.Debug|Any CPU.ActiveCfg = Debug|Any CPU
		{4AFECD82-A4EF-42A0-8708-CF1724EC1164}.Debug|Any CPU.Build.0 = Debug|Any CPU
		{4AFECD82-A4EF-42A0-8708-CF1724EC1164}.Release|Any CPU.ActiveCfg = Release|Any CPU
		{4AFECD82-A4EF-42A0-8708-CF1724EC1164}.Release|Any CPU.Build.0 = Release|Any CPU
		{AA47964E-3186-4E81-BA7F-07601B62A6C7}.Debug|Any CPU.ActiveCfg = Debug|Any CPU
		{AA47964E-3186-4E81-BA7F-07601B62A6C7}.Debug|Any CPU.Build.0 = Debug|Any CPU
		{AA47964E-3186-4E81-BA7F-07601B62A6C7}.Release|Any CPU.ActiveCfg = Release|Any CPU
		{AA47964E-3186-4E81-BA7F-07601B62A6C7}.Release|Any CPU.Build.0 = Release|Any CPU
		{2E12BE27-3E2A-454F-A3DC-F6E477CC72FC}.Debug|Any CPU.ActiveCfg = Debug|Any CPU
		{2E12BE27-3E2A-454F-A3DC-F6E477CC72FC}.Debug|Any CPU.Build.0 = Debug|Any CPU
		{2E12BE27-3E2A-454F-A3DC-F6E477CC72FC}.Release|Any CPU.ActiveCfg = Release|Any CPU
		{2E12BE27-3E2A-454F-A3DC-F6E477CC72FC}.Release|Any CPU.Build.0 = Release|Any CPU
		{20528079-8C22-4868-A817-2FFAC3ADBB97}.Debug|Any CPU.ActiveCfg = Debug|Any CPU
		{20528079-8C22-4868-A817-2FFAC3ADBB97}.Debug|Any CPU.Build.0 = Debug|Any CPU
		{20528079-8C22-4868-A817-2FFAC3ADBB97}.Release|Any CPU.ActiveCfg = Release|Any CPU
		{20528079-8C22-4868-A817-2FFAC3ADBB97}.Release|Any CPU.Build.0 = Release|Any CPU
		{5DA3837B-9A3F-4727-A20C-E2E3907598F4}.Debug|Any CPU.ActiveCfg = Debug|Any CPU
		{5DA3837B-9A3F-4727-A20C-E2E3907598F4}.Debug|Any CPU.Build.0 = Debug|Any CPU
		{5DA3837B-9A3F-4727-A20C-E2E3907598F4}.Release|Any CPU.ActiveCfg = Release|Any CPU
		{5DA3837B-9A3F-4727-A20C-E2E3907598F4}.Release|Any CPU.Build.0 = Release|Any CPU
		{E980B119-8A4E-4DF0-8CCC-AC76C30A92DC}.Debug|Any CPU.ActiveCfg = Debug|Any CPU
		{E980B119-8A4E-4DF0-8CCC-AC76C30A92DC}.Debug|Any CPU.Build.0 = Debug|Any CPU
		{E980B119-8A4E-4DF0-8CCC-AC76C30A92DC}.Release|Any CPU.ActiveCfg = Release|Any CPU
		{E980B119-8A4E-4DF0-8CCC-AC76C30A92DC}.Release|Any CPU.Build.0 = Release|Any CPU
		{EC79AA66-9E81-47FA-BEC0-2C36D68466B0}.Debug|Any CPU.ActiveCfg = Debug|Any CPU
		{EC79AA66-9E81-47FA-BEC0-2C36D68466B0}.Debug|Any CPU.Build.0 = Debug|Any CPU
		{EC79AA66-9E81-47FA-BEC0-2C36D68466B0}.Release|Any CPU.ActiveCfg = Release|Any CPU
		{EC79AA66-9E81-47FA-BEC0-2C36D68466B0}.Release|Any CPU.Build.0 = Release|Any CPU
		{F6C4C12F-1DB8-4927-972A-6257426A28AE}.Debug|Any CPU.ActiveCfg = Debug|Any CPU
		{F6C4C12F-1DB8-4927-972A-6257426A28AE}.Debug|Any CPU.Build.0 = Debug|Any CPU
		{F6C4C12F-1DB8-4927-972A-6257426A28AE}.Release|Any CPU.ActiveCfg = Release|Any CPU
		{F6C4C12F-1DB8-4927-972A-6257426A28AE}.Release|Any CPU.Build.0 = Release|Any CPU
		{A4AB5785-8021-4D6C-94D8-AD4F11E52BD8}.Debug|Any CPU.ActiveCfg = Debug|Any CPU
		{A4AB5785-8021-4D6C-94D8-AD4F11E52BD8}.Debug|Any CPU.Build.0 = Debug|Any CPU
		{A4AB5785-8021-4D6C-94D8-AD4F11E52BD8}.Release|Any CPU.ActiveCfg = Release|Any CPU
		{A4AB5785-8021-4D6C-94D8-AD4F11E52BD8}.Release|Any CPU.Build.0 = Release|Any CPU
		{C86E8797-F692-4D57-9DED-41C8B6EC7252}.Debug|Any CPU.ActiveCfg = Debug|Any CPU
		{C86E8797-F692-4D57-9DED-41C8B6EC7252}.Debug|Any CPU.Build.0 = Debug|Any CPU
		{C86E8797-F692-4D57-9DED-41C8B6EC7252}.Release|Any CPU.ActiveCfg = Release|Any CPU
		{C86E8797-F692-4D57-9DED-41C8B6EC7252}.Release|Any CPU.Build.0 = Release|Any CPU
		{2CB5244E-7901-4C50-9776-274D1158A437}.Debug|Any CPU.ActiveCfg = Debug|Any CPU
		{2CB5244E-7901-4C50-9776-274D1158A437}.Debug|Any CPU.Build.0 = Debug|Any CPU
		{2CB5244E-7901-4C50-9776-274D1158A437}.Release|Any CPU.ActiveCfg = Release|Any CPU
		{2CB5244E-7901-4C50-9776-274D1158A437}.Release|Any CPU.Build.0 = Release|Any CPU
		{EEEDB933-ED9B-4797-BA52-FA0D248595D0}.Debug|Any CPU.ActiveCfg = Debug|Any CPU
		{EEEDB933-ED9B-4797-BA52-FA0D248595D0}.Debug|Any CPU.Build.0 = Debug|Any CPU
		{EEEDB933-ED9B-4797-BA52-FA0D248595D0}.Release|Any CPU.ActiveCfg = Release|Any CPU
		{EEEDB933-ED9B-4797-BA52-FA0D248595D0}.Release|Any CPU.Build.0 = Release|Any CPU
		{A46B9B24-B091-4D6C-B369-0F631DEF9364}.Debug|Any CPU.ActiveCfg = Debug|Any CPU
		{A46B9B24-B091-4D6C-B369-0F631DEF9364}.Debug|Any CPU.Build.0 = Debug|Any CPU
		{A46B9B24-B091-4D6C-B369-0F631DEF9364}.Release|Any CPU.ActiveCfg = Release|Any CPU
		{A46B9B24-B091-4D6C-B369-0F631DEF9364}.Release|Any CPU.Build.0 = Release|Any CPU
		{C51BD800-38C5-46E4-B166-86EE1A62CBAC}.Debug|Any CPU.ActiveCfg = Debug|Any CPU
		{C51BD800-38C5-46E4-B166-86EE1A62CBAC}.Debug|Any CPU.Build.0 = Debug|Any CPU
		{C51BD800-38C5-46E4-B166-86EE1A62CBAC}.Release|Any CPU.ActiveCfg = Release|Any CPU
		{C51BD800-38C5-46E4-B166-86EE1A62CBAC}.Release|Any CPU.Build.0 = Release|Any CPU
		{C6D31613-98CF-44F4-85D1-7E5BBA37B973}.Debug|Any CPU.ActiveCfg = Debug|Any CPU
		{C6D31613-98CF-44F4-85D1-7E5BBA37B973}.Debug|Any CPU.Build.0 = Debug|Any CPU
		{C6D31613-98CF-44F4-85D1-7E5BBA37B973}.Release|Any CPU.ActiveCfg = Release|Any CPU
		{C6D31613-98CF-44F4-85D1-7E5BBA37B973}.Release|Any CPU.Build.0 = Release|Any CPU
	EndGlobalSection
	GlobalSection(SolutionProperties) = preSolution
		HideSolutionNode = FALSE
	EndGlobalSection
	GlobalSection(NestedProjects) = preSolution
		{04911BCA-34A7-481C-849B-11C4F1964B15} = {CB39E918-3918-4BA9-8129-CBF22976C7C8}
		{1E312193-9C0B-453D-9AD7-9A972EA62420} = {063E85CF-1771-41DA-9235-8311015633D3}
		{1C06F93F-C84C-4DF8-9F33-40F32175C27F} = {6B9378D8-705B-4251-9921-EBD963A6E79F}
		{A4C88660-2210-47E5-ABE4-8364AF3A2F02} = {6B9378D8-705B-4251-9921-EBD963A6E79F}
		{9D089C28-E458-4C91-86CC-64BD4A7AA5AC} = {CB39E918-3918-4BA9-8129-CBF22976C7C8}
		{90420F0A-98F3-4085-AFFC-BBA0E8385428} = {CB39E918-3918-4BA9-8129-CBF22976C7C8}
		{E1CB538D-AC40-4209-91C6-DE703B3651DA} = {71511AE4-756B-4A33-8467-EE28969B3D82}
		{D9C048F9-3C9F-484C-90D0-2D0B17BDD57F} = {CB39E918-3918-4BA9-8129-CBF22976C7C8}
		{2924FDD9-CEF1-4D43-898F-71432E421509} = {063E85CF-1771-41DA-9235-8311015633D3}
		{9154602A-2200-4B97-98D8-50556854F7C3} = {CB39E918-3918-4BA9-8129-CBF22976C7C8}
		{A259E36B-AA02-485A-A833-C91D93B764E7} = {6B9378D8-705B-4251-9921-EBD963A6E79F}
		{75DDDCCF-F541-4AE7-8CFA-93C2803194C6} = {6B9378D8-705B-4251-9921-EBD963A6E79F}
		{A906F15B-1C73-4436-A163-8DCE29E81D4C} = {063E85CF-1771-41DA-9235-8311015633D3}
		{FF8E531D-B01A-4AD1-A8E4-EF7F38D7997E} = {6B9378D8-705B-4251-9921-EBD963A6E79F}
		{B30EF3E2-3D13-496B-B4EF-CFE096FC2A83} = {6B9378D8-705B-4251-9921-EBD963A6E79F}
		{593DE9DC-B045-4D1D-9577-0326AD7182A0} = {71511AE4-756B-4A33-8467-EE28969B3D82}
		{9D2DD017-85B7-4667-B557-D166E2E4489F} = {71511AE4-756B-4A33-8467-EE28969B3D82}
		{BF46A949-520B-4EE4-A610-81E2442928E5} = {71511AE4-756B-4A33-8467-EE28969B3D82}
		{14A2228A-C77D-4BAD-A0F0-9D6B794DC423} = {6B9378D8-705B-4251-9921-EBD963A6E79F}
		{EC7B31D5-4C8E-4E22-90EC-81EEE17A10D1} = {063E85CF-1771-41DA-9235-8311015633D3}
		{4AFECD82-A4EF-42A0-8708-CF1724EC1164} = {CB39E918-3918-4BA9-8129-CBF22976C7C8}
		{AA47964E-3186-4E81-BA7F-07601B62A6C7} = {71511AE4-756B-4A33-8467-EE28969B3D82}
		{2E12BE27-3E2A-454F-A3DC-F6E477CC72FC} = {063E85CF-1771-41DA-9235-8311015633D3}
		{20528079-8C22-4868-A817-2FFAC3ADBB97} = {71511AE4-756B-4A33-8467-EE28969B3D82}
		{5DA3837B-9A3F-4727-A20C-E2E3907598F4} = {6B9378D8-705B-4251-9921-EBD963A6E79F}
		{E980B119-8A4E-4DF0-8CCC-AC76C30A92DC} = {6B9378D8-705B-4251-9921-EBD963A6E79F}
		{EC79AA66-9E81-47FA-BEC0-2C36D68466B0} = {6B9378D8-705B-4251-9921-EBD963A6E79F}
		{F6C4C12F-1DB8-4927-972A-6257426A28AE} = {71511AE4-756B-4A33-8467-EE28969B3D82}
		{A4AB5785-8021-4D6C-94D8-AD4F11E52BD8} = {6B9378D8-705B-4251-9921-EBD963A6E79F}
		{C86E8797-F692-4D57-9DED-41C8B6EC7252} = {71511AE4-756B-4A33-8467-EE28969B3D82}
		{063E85CF-1771-41DA-9235-8311015633D3} = {71511AE4-756B-4A33-8467-EE28969B3D82}
		{EEEDB933-ED9B-4797-BA52-FA0D248595D0} = {063E85CF-1771-41DA-9235-8311015633D3}
		{CB39E918-3918-4BA9-8129-CBF22976C7C8} = {71511AE4-756B-4A33-8467-EE28969B3D82}
		{6B9378D8-705B-4251-9921-EBD963A6E79F} = {71511AE4-756B-4A33-8467-EE28969B3D82}
		{2C130CAD-0F74-4FD6-BB79-2A8EDEF72812} = {04A27581-5B28-408E-A271-1C5313EC3521}
		{C5D2EE7E-E79E-4EAF-BF14-2F541FB304F5} = {04A27581-5B28-408E-A271-1C5313EC3521}
		{6F7C2C0A-B10D-4447-8B09-D082D06F2D1D} = {04A27581-5B28-408E-A271-1C5313EC3521}
		{8BE051A1-F8D3-4FED-8FF1-9F3B1AF31F1C} = {04A27581-5B28-408E-A271-1C5313EC3521}
		{79E2D03D-7C0E-4D47-BB02-6BAE326D30D3} = {04A27581-5B28-408E-A271-1C5313EC3521}
		{66631317-79AF-47AC-9FBA-C187972086DD} = {04A27581-5B28-408E-A271-1C5313EC3521}
		{088100FC-3F30-4C2D-92F0-29CE496DB247} = {04A27581-5B28-408E-A271-1C5313EC3521}
		{0F9FD13F-ABB9-4B7A-8A5D-6C2373A1E7CD} = {04A27581-5B28-408E-A271-1C5313EC3521}
		{A46B9B24-B091-4D6C-B369-0F631DEF9364} = {CB39E918-3918-4BA9-8129-CBF22976C7C8}
		{C51BD800-38C5-46E4-B166-86EE1A62CBAC} = {063E85CF-1771-41DA-9235-8311015633D3}
		{C6D31613-98CF-44F4-85D1-7E5BBA37B973} = {449A4CB5-71FC-4D60-941C-EE9DC54953B7}
	EndGlobalSection
	GlobalSection(ExtensibilityGlobals) = postSolution
		SolutionGuid = {A2D3265F-A2D2-4323-8522-18CB1B66A828}
	EndGlobalSection
EndGlobal
